
Microsoft Visual Studio Solution File, Format Version 12.00
# Visual Studio Version 17
VisualStudioVersion = 17.4.33205.214
MinimumVisualStudioVersion = 10.0.40219.1
Project("{FAE04EC0-301F-11D3-BF4B-00C04F79EFBC}") = "Club_Reservations", "Club_Reservations\Club_Reservations.csproj", "{BBC43B8D-A995-4705-817E-734F0AAEDB1A}"
EndProject
Global
	GlobalSection(SolutionConfigurationPlatforms) = preSolution
		Debug|Any CPU = Debug|Any CPU
		Release|Any CPU = Release|Any CPU
	EndGlobalSection
	GlobalSection(ProjectConfigurationPlatforms) = postSolution
		{BBC43B8D-A995-4705-817E-734F0AAEDB1A}.Debug|Any CPU.ActiveCfg = Debug|Any CPU
		{BBC43B8D-A995-4705-817E-734F0AAEDB1A}.Debug|Any CPU.Build.0 = Debug|Any CPU
		{BBC43B8D-A995-4705-817E-734F0AAEDB1A}.Release|Any CPU.ActiveCfg = Release|Any CPU
		{BBC43B8D-A995-4705-817E-734F0AAEDB1A}.Release|Any CPU.Build.0 = Release|Any CPU
	EndGlobalSection
	GlobalSection(SolutionProperties) = preSolution
		HideSolutionNode = FALSE
	EndGlobalSection
	GlobalSection(ExtensibilityGlobals) = postSolution
		SolutionGuid = {AF18F984-8617-4E49-8401-A52104EF6163}
	EndGlobalSection
EndGlobal
